
Microsoft Visual Studio Solution File, Format Version 12.00
# Visual Studio Version 17
VisualStudioVersion = 17.14.36414.22
MinimumVisualStudioVersion = 10.0.40219.1
Project("{FAE04EC0-301F-11D3-BF4B-00C04F79EFBC}") = "CoreService", "CoreService\CoreService.csproj", "{900CB6BC-1A81-4895-872C-D7CA0C98406B}"
EndProject
Project("{FAE04EC0-301F-11D3-BF4B-00C04F79EFBC}") = "WebhookProcessing", "WebhookProcessing\WebhookProcessing.csproj", "{3FD186E6-30C5-53CB-3976-A58BEB8687AA}"
EndProject
Global
	GlobalSection(SolutionConfigurationPlatforms) = preSolution
		Debug|Any CPU = Debug|Any CPU
		Release|Any CPU = Release|Any CPU
	EndGlobalSection
	GlobalSection(ProjectConfigurationPlatforms) = postSolution
		{900CB6BC-1A81-4895-872C-D7CA0C98406B}.Debug|Any CPU.ActiveCfg = Debug|Any CPU
		{900CB6BC-1A81-4895-872C-D7CA0C98406B}.Debug|Any CPU.Build.0 = Debug|Any CPU
		{900CB6BC-1A81-4895-872C-D7CA0C98406B}.Release|Any CPU.ActiveCfg = Release|Any CPU
		{900CB6BC-1A81-4895-872C-D7CA0C98406B}.Release|Any CPU.Build.0 = Release|Any CPU
		{3FD186E6-30C5-53CB-3976-A58BEB8687AA}.Debug|Any CPU.ActiveCfg = Debug|Any CPU
		{3FD186E6-30C5-53CB-3976-A58BEB8687AA}.Debug|Any CPU.Build.0 = Debug|Any CPU
		{3FD186E6-30C5-53CB-3976-A58BEB8687AA}.Release|Any CPU.ActiveCfg = Release|Any CPU
		{3FD186E6-30C5-53CB-3976-A58BEB8687AA}.Release|Any CPU.Build.0 = Release|Any CPU
	EndGlobalSection
	GlobalSection(SolutionProperties) = preSolution
		HideSolutionNode = FALSE
	EndGlobalSection
	GlobalSection(ExtensibilityGlobals) = postSolution
		SolutionGuid = {158EC3F3-BC46-4924-BFC8-D5F3A37D2F91}
	EndGlobalSection
EndGlobal
